// !$*UTF8*$!
{
	archiveVersion = 1;
	classes = {
	};
	objectVersion = 56;
	objects = {

/* Begin PBXBuildFile section */
		5219937E29B9253E0058F9BC /* PostsAppApp.swift in Sources */ = {isa = PBXBuildFile; fileRef = 5219937D29B9253E0058F9BC /* PostsAppApp.swift */; };
		5219938029B9253E0058F9BC /* ContentView.swift in Sources */ = {isa = PBXBuildFile; fileRef = 5219937F29B9253E0058F9BC /* ContentView.swift */; };
		5219938229B925420058F9BC /* Assets.xcassets in Resources */ = {isa = PBXBuildFile; fileRef = 5219938129B925420058F9BC /* Assets.xcassets */; };
		5219938529B925420058F9BC /* Preview Assets.xcassets in Resources */ = {isa = PBXBuildFile; fileRef = 5219938429B925420058F9BC /* Preview Assets.xcassets */; };
		5219938729B925420058F9BC /* Persistence.swift in Sources */ = {isa = PBXBuildFile; fileRef = 5219938629B925420058F9BC /* Persistence.swift */; };
		5219938A29B925420058F9BC /* PostsApp.xcdatamodeld in Sources */ = {isa = PBXBuildFile; fileRef = 5219938829B925420058F9BC /* PostsApp.xcdatamodeld */; };
		5219939429B925420058F9BC /* PostsAppTests.swift in Sources */ = {isa = PBXBuildFile; fileRef = 5219939329B925420058F9BC /* PostsAppTests.swift */; };
		5219939E29B925420058F9BC /* PostsAppUITests.swift in Sources */ = {isa = PBXBuildFile; fileRef = 5219939D29B925420058F9BC /* PostsAppUITests.swift */; };
		521993A029B925420058F9BC /* PostsAppUITestsLaunchTests.swift in Sources */ = {isa = PBXBuildFile; fileRef = 5219939F29B925420058F9BC /* PostsAppUITestsLaunchTests.swift */; };
		521993B129B92D610058F9BC /* Configuration.swift in Sources */ = {isa = PBXBuildFile; fileRef = 521993B029B92D610058F9BC /* Configuration.swift */; };
		521993B529B92DD90058F9BC /* AppConstant.swift in Sources */ = {isa = PBXBuildFile; fileRef = 521993B429B92DD90058F9BC /* AppConstant.swift */; };
		521993B729B92DE30058F9BC /* StringContant.swift in Sources */ = {isa = PBXBuildFile; fileRef = 521993B629B92DE30058F9BC /* StringContant.swift */; };
		521993BA29B92E6D0058F9BC /* Keychain.swift in Sources */ = {isa = PBXBuildFile; fileRef = 521993B929B92E6D0058F9BC /* Keychain.swift */; };
		521993BC29B92EB90058F9BC /* APIRequestBuilder.swift in Sources */ = {isa = PBXBuildFile; fileRef = 521993BB29B92EB90058F9BC /* APIRequestBuilder.swift */; };
		521993BE29B92EC30058F9BC /* APIError.swift in Sources */ = {isa = PBXBuildFile; fileRef = 521993BD29B92EC30058F9BC /* APIError.swift */; };
		521993C029B92ECA0058F9BC /* APIService.swift in Sources */ = {isa = PBXBuildFile; fileRef = 521993BF29B92ECA0058F9BC /* APIService.swift */; };
		521993C329B92F440058F9BC /* Extension+View.swift in Sources */ = {isa = PBXBuildFile; fileRef = 521993C229B92F440058F9BC /* Extension+View.swift */; };
		521993C529B92F530058F9BC /* Extension+Color.swift in Sources */ = {isa = PBXBuildFile; fileRef = 521993C429B92F530058F9BC /* Extension+Color.swift */; };
		521993C829B92FAA0058F9BC /* ButtonModifier.swift in Sources */ = {isa = PBXBuildFile; fileRef = 521993C729B92FAA0058F9BC /* ButtonModifier.swift */; };
		521993CA29B92FC20058F9BC /* LoaderModifier.swift in Sources */ = {isa = PBXBuildFile; fileRef = 521993C929B92FC20058F9BC /* LoaderModifier.swift */; };
		521993CC29B92FC90058F9BC /* TextFieldModifier.swift in Sources */ = {isa = PBXBuildFile; fileRef = 521993CB29B92FC90058F9BC /* TextFieldModifier.swift */; };
		521993CE29B92FD30058F9BC /* ViewModelErrorAlertViewModifier.swift in Sources */ = {isa = PBXBuildFile; fileRef = 521993CD29B92FD30058F9BC /* ViewModelErrorAlertViewModifier.swift */; };
		521993D329B930E90058F9BC /* LoginView.swift in Sources */ = {isa = PBXBuildFile; fileRef = 521993D229B930E90058F9BC /* LoginView.swift */; };
		521993D529B931040058F9BC /* LoginViewModel.swift in Sources */ = {isa = PBXBuildFile; fileRef = 521993D429B931040058F9BC /* LoginViewModel.swift */; };
		521993D729B9310F0058F9BC /* LoginViewModelError.swift in Sources */ = {isa = PBXBuildFile; fileRef = 521993D629B9310F0058F9BC /* LoginViewModelError.swift */; };
		521993D929B9311C0058F9BC /* UserModel.swift in Sources */ = {isa = PBXBuildFile; fileRef = 521993D829B9311C0058F9BC /* UserModel.swift */; };
		521993DB29B9317F0058F9BC /* LoginRequest.swift in Sources */ = {isa = PBXBuildFile; fileRef = 521993DA29B9317F0058F9BC /* LoginRequest.swift */; };
		521993DD29B931860058F9BC /* LoginService.swift in Sources */ = {isa = PBXBuildFile; fileRef = 521993DC29B931860058F9BC /* LoginService.swift */; };
/* End PBXBuildFile section */

/* Begin PBXContainerItemProxy section */
		5219939029B925420058F9BC /* PBXContainerItemProxy */ = {
			isa = PBXContainerItemProxy;
			containerPortal = 5219937229B9253D0058F9BC /* Project object */;
			proxyType = 1;
			remoteGlobalIDString = 5219937929B9253E0058F9BC;
			remoteInfo = PostsApp;
		};
		5219939A29B925420058F9BC /* PBXContainerItemProxy */ = {
			isa = PBXContainerItemProxy;
			containerPortal = 5219937229B9253D0058F9BC /* Project object */;
			proxyType = 1;
			remoteGlobalIDString = 5219937929B9253E0058F9BC;
			remoteInfo = PostsApp;
		};
/* End PBXContainerItemProxy section */

/* Begin PBXFileReference section */
		5219937A29B9253E0058F9BC /* PostsApp.app */ = {isa = PBXFileReference; explicitFileType = wrapper.application; includeInIndex = 0; path = PostsApp.app; sourceTree = BUILT_PRODUCTS_DIR; };
		5219937D29B9253E0058F9BC /* PostsAppApp.swift */ = {isa = PBXFileReference; lastKnownFileType = sourcecode.swift; path = PostsAppApp.swift; sourceTree = "<group>"; };
		5219937F29B9253E0058F9BC /* ContentView.swift */ = {isa = PBXFileReference; lastKnownFileType = sourcecode.swift; path = ContentView.swift; sourceTree = "<group>"; };
		5219938129B925420058F9BC /* Assets.xcassets */ = {isa = PBXFileReference; lastKnownFileType = folder.assetcatalog; path = Assets.xcassets; sourceTree = "<group>"; };
		5219938429B925420058F9BC /* Preview Assets.xcassets */ = {isa = PBXFileReference; lastKnownFileType = folder.assetcatalog; path = "Preview Assets.xcassets"; sourceTree = "<group>"; };
		5219938629B925420058F9BC /* Persistence.swift */ = {isa = PBXFileReference; lastKnownFileType = sourcecode.swift; path = Persistence.swift; sourceTree = "<group>"; };
		5219938929B925420058F9BC /* PostsApp.xcdatamodel */ = {isa = PBXFileReference; lastKnownFileType = wrapper.xcdatamodel; path = PostsApp.xcdatamodel; sourceTree = "<group>"; };
		5219938F29B925420058F9BC /* PostsAppTests.xctest */ = {isa = PBXFileReference; explicitFileType = wrapper.cfbundle; includeInIndex = 0; path = PostsAppTests.xctest; sourceTree = BUILT_PRODUCTS_DIR; };
		5219939329B925420058F9BC /* PostsAppTests.swift */ = {isa = PBXFileReference; lastKnownFileType = sourcecode.swift; path = PostsAppTests.swift; sourceTree = "<group>"; };
		5219939929B925420058F9BC /* PostsAppUITests.xctest */ = {isa = PBXFileReference; explicitFileType = wrapper.cfbundle; includeInIndex = 0; path = PostsAppUITests.xctest; sourceTree = BUILT_PRODUCTS_DIR; };
		5219939D29B925420058F9BC /* PostsAppUITests.swift */ = {isa = PBXFileReference; lastKnownFileType = sourcecode.swift; path = PostsAppUITests.swift; sourceTree = "<group>"; };
		5219939F29B925420058F9BC /* PostsAppUITestsLaunchTests.swift */ = {isa = PBXFileReference; lastKnownFileType = sourcecode.swift; path = PostsAppUITestsLaunchTests.swift; sourceTree = "<group>"; };
		521993AE29B92D320058F9BC /* UAT.xcconfig */ = {isa = PBXFileReference; lastKnownFileType = text.xcconfig; path = UAT.xcconfig; sourceTree = "<group>"; };
		521993AF29B92D430058F9BC /* RELEASE.xcconfig */ = {isa = PBXFileReference; lastKnownFileType = text.xcconfig; path = RELEASE.xcconfig; sourceTree = "<group>"; };
		521993B029B92D610058F9BC /* Configuration.swift */ = {isa = PBXFileReference; lastKnownFileType = sourcecode.swift; path = Configuration.swift; sourceTree = "<group>"; };
		521993B329B92D920058F9BC /* Info.plist */ = {isa = PBXFileReference; lastKnownFileType = text.plist; path = Info.plist; sourceTree = "<group>"; };
		521993B429B92DD90058F9BC /* AppConstant.swift */ = {isa = PBXFileReference; lastKnownFileType = sourcecode.swift; path = AppConstant.swift; sourceTree = "<group>"; };
		521993B629B92DE30058F9BC /* StringContant.swift */ = {isa = PBXFileReference; lastKnownFileType = sourcecode.swift; path = StringContant.swift; sourceTree = "<group>"; };
		521993B929B92E6D0058F9BC /* Keychain.swift */ = {isa = PBXFileReference; lastKnownFileType = sourcecode.swift; path = Keychain.swift; sourceTree = "<group>"; };
		521993BB29B92EB90058F9BC /* APIRequestBuilder.swift */ = {isa = PBXFileReference; lastKnownFileType = sourcecode.swift; path = APIRequestBuilder.swift; sourceTree = "<group>"; };
		521993BD29B92EC30058F9BC /* APIError.swift */ = {isa = PBXFileReference; lastKnownFileType = sourcecode.swift; path = APIError.swift; sourceTree = "<group>"; };
		521993BF29B92ECA0058F9BC /* APIService.swift */ = {isa = PBXFileReference; lastKnownFileType = sourcecode.swift; path = APIService.swift; sourceTree = "<group>"; };
		521993C229B92F440058F9BC /* Extension+View.swift */ = {isa = PBXFileReference; lastKnownFileType = sourcecode.swift; path = "Extension+View.swift"; sourceTree = "<group>"; };
		521993C429B92F530058F9BC /* Extension+Color.swift */ = {isa = PBXFileReference; lastKnownFileType = sourcecode.swift; path = "Extension+Color.swift"; sourceTree = "<group>"; };
		521993C729B92FAA0058F9BC /* ButtonModifier.swift */ = {isa = PBXFileReference; lastKnownFileType = sourcecode.swift; path = ButtonModifier.swift; sourceTree = "<group>"; };
		521993C929B92FC20058F9BC /* LoaderModifier.swift */ = {isa = PBXFileReference; lastKnownFileType = sourcecode.swift; path = LoaderModifier.swift; sourceTree = "<group>"; };
		521993CB29B92FC90058F9BC /* TextFieldModifier.swift */ = {isa = PBXFileReference; lastKnownFileType = sourcecode.swift; path = TextFieldModifier.swift; sourceTree = "<group>"; };
		521993CD29B92FD30058F9BC /* ViewModelErrorAlertViewModifier.swift */ = {isa = PBXFileReference; lastKnownFileType = sourcecode.swift; path = ViewModelErrorAlertViewModifier.swift; sourceTree = "<group>"; };
		521993D229B930E90058F9BC /* LoginView.swift */ = {isa = PBXFileReference; lastKnownFileType = sourcecode.swift; path = LoginView.swift; sourceTree = "<group>"; };
		521993D429B931040058F9BC /* LoginViewModel.swift */ = {isa = PBXFileReference; lastKnownFileType = sourcecode.swift; path = LoginViewModel.swift; sourceTree = "<group>"; };
		521993D629B9310F0058F9BC /* LoginViewModelError.swift */ = {isa = PBXFileReference; lastKnownFileType = sourcecode.swift; path = LoginViewModelError.swift; sourceTree = "<group>"; };
		521993D829B9311C0058F9BC /* UserModel.swift */ = {isa = PBXFileReference; lastKnownFileType = sourcecode.swift; path = UserModel.swift; sourceTree = "<group>"; };
		521993DA29B9317F0058F9BC /* LoginRequest.swift */ = {isa = PBXFileReference; lastKnownFileType = sourcecode.swift; path = LoginRequest.swift; sourceTree = "<group>"; };
		521993DC29B931860058F9BC /* LoginService.swift */ = {isa = PBXFileReference; lastKnownFileType = sourcecode.swift; path = LoginService.swift; sourceTree = "<group>"; };
/* End PBXFileReference section */

/* Begin PBXFrameworksBuildPhase section */
		5219937729B9253E0058F9BC /* Frameworks */ = {
			isa = PBXFrameworksBuildPhase;
			buildActionMask = 2147483647;
			files = (
			);
			runOnlyForDeploymentPostprocessing = 0;
		};
		5219938C29B925420058F9BC /* Frameworks */ = {
			isa = PBXFrameworksBuildPhase;
			buildActionMask = 2147483647;
			files = (
			);
			runOnlyForDeploymentPostprocessing = 0;
		};
		5219939629B925420058F9BC /* Frameworks */ = {
			isa = PBXFrameworksBuildPhase;
			buildActionMask = 2147483647;
			files = (
			);
			runOnlyForDeploymentPostprocessing = 0;
		};
/* End PBXFrameworksBuildPhase section */

/* Begin PBXGroup section */
		5219937129B9253D0058F9BC = {
			isa = PBXGroup;
			children = (
				5219937C29B9253E0058F9BC /* PostsApp */,
				5219939229B925420058F9BC /* PostsAppTests */,
				5219939C29B925420058F9BC /* PostsAppUITests */,
				5219937B29B9253E0058F9BC /* Products */,
			);
			sourceTree = "<group>";
		};
		5219937B29B9253E0058F9BC /* Products */ = {
			isa = PBXGroup;
			children = (
				5219937A29B9253E0058F9BC /* PostsApp.app */,
				5219938F29B925420058F9BC /* PostsAppTests.xctest */,
				5219939929B925420058F9BC /* PostsAppUITests.xctest */,
			);
			name = Products;
			sourceTree = "<group>";
		};
		5219937C29B9253E0058F9BC /* PostsApp */ = {
			isa = PBXGroup;
			children = (
				521993B329B92D920058F9BC /* Info.plist */,
				5219937D29B9253E0058F9BC /* PostsAppApp.swift */,
				5219938129B925420058F9BC /* Assets.xcassets */,
				5219937F29B9253E0058F9BC /* ContentView.swift */,
				521993B229B92D750058F9BC /* Config */,
				521993B829B92E4D0058F9BC /* Constant */,
				521993C629B92F8D0058F9BC /* Extensions */,
				521993D129B930A70058F9BC /* Helpers */,
				521993D029B9305D0058F9BC /* Persistence */,
				521993CF29B930130058F9BC /* ViewModifier */,
				521993DF29B931DB0058F9BC /* Login */,
				5219938329B925420058F9BC /* Preview Content */,
			);
			path = PostsApp;
			sourceTree = "<group>";
		};
		5219938329B925420058F9BC /* Preview Content */ = {
			isa = PBXGroup;
			children = (
				5219938429B925420058F9BC /* Preview Assets.xcassets */,
			);
			path = "Preview Content";
			sourceTree = "<group>";
		};
		5219939229B925420058F9BC /* PostsAppTests */ = {
			isa = PBXGroup;
			children = (
				5219939329B925420058F9BC /* PostsAppTests.swift */,
			);
			path = PostsAppTests;
			sourceTree = "<group>";
		};
		5219939C29B925420058F9BC /* PostsAppUITests */ = {
			isa = PBXGroup;
			children = (
				5219939D29B925420058F9BC /* PostsAppUITests.swift */,
				5219939F29B925420058F9BC /* PostsAppUITestsLaunchTests.swift */,
			);
			path = PostsAppUITests;
			sourceTree = "<group>";
		};
		521993B229B92D750058F9BC /* Config */ = {
			isa = PBXGroup;
			children = (
				521993AE29B92D320058F9BC /* UAT.xcconfig */,
				521993AF29B92D430058F9BC /* RELEASE.xcconfig */,
				521993B029B92D610058F9BC /* Configuration.swift */,
			);
			path = Config;
			sourceTree = "<group>";
		};
		521993B829B92E4D0058F9BC /* Constant */ = {
			isa = PBXGroup;
			children = (
				521993B429B92DD90058F9BC /* AppConstant.swift */,
				521993B629B92DE30058F9BC /* StringContant.swift */,
			);
			path = Constant;
			sourceTree = "<group>";
		};
		521993C129B92F000058F9BC /* Network */ = {
			isa = PBXGroup;
			children = (
				521993BB29B92EB90058F9BC /* APIRequestBuilder.swift */,
				521993BD29B92EC30058F9BC /* APIError.swift */,
				521993BF29B92ECA0058F9BC /* APIService.swift */,
			);
			path = Network;
			sourceTree = "<group>";
		};
		521993C629B92F8D0058F9BC /* Extensions */ = {
			isa = PBXGroup;
			children = (
				521993C229B92F440058F9BC /* Extension+View.swift */,
				521993C429B92F530058F9BC /* Extension+Color.swift */,
			);
			path = Extensions;
			sourceTree = "<group>";
		};
		521993CF29B930130058F9BC /* ViewModifier */ = {
			isa = PBXGroup;
			children = (
				521993C729B92FAA0058F9BC /* ButtonModifier.swift */,
				521993C929B92FC20058F9BC /* LoaderModifier.swift */,
				521993CB29B92FC90058F9BC /* TextFieldModifier.swift */,
				521993CD29B92FD30058F9BC /* ViewModelErrorAlertViewModifier.swift */,
			);
			path = ViewModifier;
			sourceTree = "<group>";
		};
		521993D029B9305D0058F9BC /* Persistence */ = {
			isa = PBXGroup;
			children = (
				5219938629B925420058F9BC /* Persistence.swift */,
				5219938829B925420058F9BC /* PostsApp.xcdatamodeld */,
			);
			path = Persistence;
			sourceTree = "<group>";
		};
		521993D129B930A70058F9BC /* Helpers */ = {
			isa = PBXGroup;
			children = (
				521993B929B92E6D0058F9BC /* Keychain.swift */,
				521993C129B92F000058F9BC /* Network */,
			);
			path = Helpers;
			sourceTree = "<group>";
		};
		521993DE29B931B20058F9BC /* LoginService */ = {
			isa = PBXGroup;
			children = (
				521993DA29B9317F0058F9BC /* LoginRequest.swift */,
				521993DC29B931860058F9BC /* LoginService.swift */,
			);
			path = LoginService;
			sourceTree = "<group>";
		};
		521993DF29B931DB0058F9BC /* Login */ = {
			isa = PBXGroup;
			children = (
				521993DE29B931B20058F9BC /* LoginService */,
				521993D829B9311C0058F9BC /* UserModel.swift */,
				521993D229B930E90058F9BC /* LoginView.swift */,
				521993D429B931040058F9BC /* LoginViewModel.swift */,
				521993D629B9310F0058F9BC /* LoginViewModelError.swift */,
			);
			path = Login;
			sourceTree = "<group>";
		};
/* End PBXGroup section */

/* Begin PBXNativeTarget section */
		5219937929B9253E0058F9BC /* PostsApp */ = {
			isa = PBXNativeTarget;
			buildConfigurationList = 521993A329B925420058F9BC /* Build configuration list for PBXNativeTarget "PostsApp" */;
			buildPhases = (
				5219937629B9253E0058F9BC /* Sources */,
				5219937729B9253E0058F9BC /* Frameworks */,
				5219937829B9253E0058F9BC /* Resources */,
			);
			buildRules = (
			);
			dependencies = (
			);
			name = PostsApp;
			productName = PostsApp;
			productReference = 5219937A29B9253E0058F9BC /* PostsApp.app */;
			productType = "com.apple.product-type.application";
		};
		5219938E29B925420058F9BC /* PostsAppTests */ = {
			isa = PBXNativeTarget;
			buildConfigurationList = 521993A629B925420058F9BC /* Build configuration list for PBXNativeTarget "PostsAppTests" */;
			buildPhases = (
				5219938B29B925420058F9BC /* Sources */,
				5219938C29B925420058F9BC /* Frameworks */,
				5219938D29B925420058F9BC /* Resources */,
			);
			buildRules = (
			);
			dependencies = (
				5219939129B925420058F9BC /* PBXTargetDependency */,
			);
			name = PostsAppTests;
			productName = PostsAppTests;
			productReference = 5219938F29B925420058F9BC /* PostsAppTests.xctest */;
			productType = "com.apple.product-type.bundle.unit-test";
		};
		5219939829B925420058F9BC /* PostsAppUITests */ = {
			isa = PBXNativeTarget;
			buildConfigurationList = 521993A929B925420058F9BC /* Build configuration list for PBXNativeTarget "PostsAppUITests" */;
			buildPhases = (
				5219939529B925420058F9BC /* Sources */,
				5219939629B925420058F9BC /* Frameworks */,
				5219939729B925420058F9BC /* Resources */,
			);
			buildRules = (
			);
			dependencies = (
				5219939B29B925420058F9BC /* PBXTargetDependency */,
			);
			name = PostsAppUITests;
			productName = PostsAppUITests;
			productReference = 5219939929B925420058F9BC /* PostsAppUITests.xctest */;
			productType = "com.apple.product-type.bundle.ui-testing";
		};
/* End PBXNativeTarget section */

/* Begin PBXProject section */
		5219937229B9253D0058F9BC /* Project object */ = {
			isa = PBXProject;
			attributes = {
				BuildIndependentTargetsInParallel = 1;
				LastSwiftUpdateCheck = 1420;
				LastUpgradeCheck = 1420;
				TargetAttributes = {
					5219937929B9253E0058F9BC = {
						CreatedOnToolsVersion = 14.2;
					};
					5219938E29B925420058F9BC = {
						CreatedOnToolsVersion = 14.2;
						TestTargetID = 5219937929B9253E0058F9BC;
					};
					5219939829B925420058F9BC = {
						CreatedOnToolsVersion = 14.2;
						TestTargetID = 5219937929B9253E0058F9BC;
					};
				};
			};
			buildConfigurationList = 5219937529B9253D0058F9BC /* Build configuration list for PBXProject "PostsApp" */;
			compatibilityVersion = "Xcode 14.0";
			developmentRegion = en;
			hasScannedForEncodings = 0;
			knownRegions = (
				en,
				Base,
			);
			mainGroup = 5219937129B9253D0058F9BC;
			productRefGroup = 5219937B29B9253E0058F9BC /* Products */;
			projectDirPath = "";
			projectRoot = "";
			targets = (
				5219937929B9253E0058F9BC /* PostsApp */,
				5219938E29B925420058F9BC /* PostsAppTests */,
				5219939829B925420058F9BC /* PostsAppUITests */,
			);
		};
/* End PBXProject section */

/* Begin PBXResourcesBuildPhase section */
		5219937829B9253E0058F9BC /* Resources */ = {
			isa = PBXResourcesBuildPhase;
			buildActionMask = 2147483647;
			files = (
				5219938529B925420058F9BC /* Preview Assets.xcassets in Resources */,
				5219938229B925420058F9BC /* Assets.xcassets in Resources */,
			);
			runOnlyForDeploymentPostprocessing = 0;
		};
		5219938D29B925420058F9BC /* Resources */ = {
			isa = PBXResourcesBuildPhase;
			buildActionMask = 2147483647;
			files = (
			);
			runOnlyForDeploymentPostprocessing = 0;
		};
		5219939729B925420058F9BC /* Resources */ = {
			isa = PBXResourcesBuildPhase;
			buildActionMask = 2147483647;
			files = (
			);
			runOnlyForDeploymentPostprocessing = 0;
		};
/* End PBXResourcesBuildPhase section */

/* Begin PBXSourcesBuildPhase section */
		5219937629B9253E0058F9BC /* Sources */ = {
			isa = PBXSourcesBuildPhase;
			buildActionMask = 2147483647;
			files = (
				5219938729B925420058F9BC /* Persistence.swift in Sources */,
				521993D929B9311C0058F9BC /* UserModel.swift in Sources */,
				521993B729B92DE30058F9BC /* StringContant.swift in Sources */,
				521993CA29B92FC20058F9BC /* LoaderModifier.swift in Sources */,
				521993B129B92D610058F9BC /* Configuration.swift in Sources */,
				521993BE29B92EC30058F9BC /* APIError.swift in Sources */,
				521993C029B92ECA0058F9BC /* APIService.swift in Sources */,
				5219938029B9253E0058F9BC /* ContentView.swift in Sources */,
				521993CE29B92FD30058F9BC /* ViewModelErrorAlertViewModifier.swift in Sources */,
				521993C529B92F530058F9BC /* Extension+Color.swift in Sources */,
				521993BC29B92EB90058F9BC /* APIRequestBuilder.swift in Sources */,
				521993C829B92FAA0058F9BC /* ButtonModifier.swift in Sources */,
				521993D729B9310F0058F9BC /* LoginViewModelError.swift in Sources */,
				521993DD29B931860058F9BC /* LoginService.swift in Sources */,
				521993CC29B92FC90058F9BC /* TextFieldModifier.swift in Sources */,
				521993D329B930E90058F9BC /* LoginView.swift in Sources */,
				521993B529B92DD90058F9BC /* AppConstant.swift in Sources */,
				521993BA29B92E6D0058F9BC /* Keychain.swift in Sources */,
				5219937E29B9253E0058F9BC /* PostsAppApp.swift in Sources */,
				521993C329B92F440058F9BC /* Extension+View.swift in Sources */,
				521993D529B931040058F9BC /* LoginViewModel.swift in Sources */,
				5219938A29B925420058F9BC /* PostsApp.xcdatamodeld in Sources */,
				521993DB29B9317F0058F9BC /* LoginRequest.swift in Sources */,
			);
			runOnlyForDeploymentPostprocessing = 0;
		};
		5219938B29B925420058F9BC /* Sources */ = {
			isa = PBXSourcesBuildPhase;
			buildActionMask = 2147483647;
			files = (
				5219939429B925420058F9BC /* PostsAppTests.swift in Sources */,
			);
			runOnlyForDeploymentPostprocessing = 0;
		};
		5219939529B925420058F9BC /* Sources */ = {
			isa = PBXSourcesBuildPhase;
			buildActionMask = 2147483647;
			files = (
				521993A029B925420058F9BC /* PostsAppUITestsLaunchTests.swift in Sources */,
				5219939E29B925420058F9BC /* PostsAppUITests.swift in Sources */,
			);
			runOnlyForDeploymentPostprocessing = 0;
		};
/* End PBXSourcesBuildPhase section */

/* Begin PBXTargetDependency section */
		5219939129B925420058F9BC /* PBXTargetDependency */ = {
			isa = PBXTargetDependency;
			target = 5219937929B9253E0058F9BC /* PostsApp */;
			targetProxy = 5219939029B925420058F9BC /* PBXContainerItemProxy */;
		};
		5219939B29B925420058F9BC /* PBXTargetDependency */ = {
			isa = PBXTargetDependency;
			target = 5219937929B9253E0058F9BC /* PostsApp */;
			targetProxy = 5219939A29B925420058F9BC /* PBXContainerItemProxy */;
		};
/* End PBXTargetDependency section */

/* Begin XCBuildConfiguration section */
		521993A129B925420058F9BC /* Debug */ = {
			isa = XCBuildConfiguration;
			buildSettings = {
				ALWAYS_SEARCH_USER_PATHS = NO;
				CLANG_ANALYZER_NONNULL = YES;
				CLANG_ANALYZER_NUMBER_OBJECT_CONVERSION = YES_AGGRESSIVE;
				CLANG_CXX_LANGUAGE_STANDARD = "gnu++20";
				CLANG_ENABLE_MODULES = YES;
				CLANG_ENABLE_OBJC_ARC = YES;
				CLANG_ENABLE_OBJC_WEAK = YES;
				CLANG_WARN_BLOCK_CAPTURE_AUTORELEASING = YES;
				CLANG_WARN_BOOL_CONVERSION = YES;
				CLANG_WARN_COMMA = YES;
				CLANG_WARN_CONSTANT_CONVERSION = YES;
				CLANG_WARN_DEPRECATED_OBJC_IMPLEMENTATIONS = YES;
				CLANG_WARN_DIRECT_OBJC_ISA_USAGE = YES_ERROR;
				CLANG_WARN_DOCUMENTATION_COMMENTS = YES;
				CLANG_WARN_EMPTY_BODY = YES;
				CLANG_WARN_ENUM_CONVERSION = YES;
				CLANG_WARN_INFINITE_RECURSION = YES;
				CLANG_WARN_INT_CONVERSION = YES;
				CLANG_WARN_NON_LITERAL_NULL_CONVERSION = YES;
				CLANG_WARN_OBJC_IMPLICIT_RETAIN_SELF = YES;
				CLANG_WARN_OBJC_LITERAL_CONVERSION = YES;
				CLANG_WARN_OBJC_ROOT_CLASS = YES_ERROR;
				CLANG_WARN_QUOTED_INCLUDE_IN_FRAMEWORK_HEADER = YES;
				CLANG_WARN_RANGE_LOOP_ANALYSIS = YES;
				CLANG_WARN_STRICT_PROTOTYPES = YES;
				CLANG_WARN_SUSPICIOUS_MOVE = YES;
				CLANG_WARN_UNGUARDED_AVAILABILITY = YES_AGGRESSIVE;
				CLANG_WARN_UNREACHABLE_CODE = YES;
				CLANG_WARN__DUPLICATE_METHOD_MATCH = YES;
				COPY_PHASE_STRIP = NO;
				DEBUG_INFORMATION_FORMAT = dwarf;
				ENABLE_STRICT_OBJC_MSGSEND = YES;
				ENABLE_TESTABILITY = YES;
				GCC_C_LANGUAGE_STANDARD = gnu11;
				GCC_DYNAMIC_NO_PIC = NO;
				GCC_NO_COMMON_BLOCKS = YES;
				GCC_OPTIMIZATION_LEVEL = 0;
				GCC_PREPROCESSOR_DEFINITIONS = (
					"DEBUG=1",
					"$(inherited)",
				);
				GCC_WARN_64_TO_32_BIT_CONVERSION = YES;
				GCC_WARN_ABOUT_RETURN_TYPE = YES_ERROR;
				GCC_WARN_UNDECLARED_SELECTOR = YES;
				GCC_WARN_UNINITIALIZED_AUTOS = YES_AGGRESSIVE;
				GCC_WARN_UNUSED_FUNCTION = YES;
				GCC_WARN_UNUSED_VARIABLE = YES;
				IPHONEOS_DEPLOYMENT_TARGET = 16.2;
				MTL_ENABLE_DEBUG_INFO = INCLUDE_SOURCE;
				MTL_FAST_MATH = YES;
				ONLY_ACTIVE_ARCH = YES;
				SDKROOT = iphoneos;
				SWIFT_ACTIVE_COMPILATION_CONDITIONS = DEBUG;
				SWIFT_OPTIMIZATION_LEVEL = "-Onone";
			};
			name = Debug;
		};
		521993A229B925420058F9BC /* Release */ = {
			isa = XCBuildConfiguration;
			buildSettings = {
				ALWAYS_SEARCH_USER_PATHS = NO;
				CLANG_ANALYZER_NONNULL = YES;
				CLANG_ANALYZER_NUMBER_OBJECT_CONVERSION = YES_AGGRESSIVE;
				CLANG_CXX_LANGUAGE_STANDARD = "gnu++20";
				CLANG_ENABLE_MODULES = YES;
				CLANG_ENABLE_OBJC_ARC = YES;
				CLANG_ENABLE_OBJC_WEAK = YES;
				CLANG_WARN_BLOCK_CAPTURE_AUTORELEASING = YES;
				CLANG_WARN_BOOL_CONVERSION = YES;
				CLANG_WARN_COMMA = YES;
				CLANG_WARN_CONSTANT_CONVERSION = YES;
				CLANG_WARN_DEPRECATED_OBJC_IMPLEMENTATIONS = YES;
				CLANG_WARN_DIRECT_OBJC_ISA_USAGE = YES_ERROR;
				CLANG_WARN_DOCUMENTATION_COMMENTS = YES;
				CLANG_WARN_EMPTY_BODY = YES;
				CLANG_WARN_ENUM_CONVERSION = YES;
				CLANG_WARN_INFINITE_RECURSION = YES;
				CLANG_WARN_INT_CONVERSION = YES;
				CLANG_WARN_NON_LITERAL_NULL_CONVERSION = YES;
				CLANG_WARN_OBJC_IMPLICIT_RETAIN_SELF = YES;
				CLANG_WARN_OBJC_LITERAL_CONVERSION = YES;
				CLANG_WARN_OBJC_ROOT_CLASS = YES_ERROR;
				CLANG_WARN_QUOTED_INCLUDE_IN_FRAMEWORK_HEADER = YES;
				CLANG_WARN_RANGE_LOOP_ANALYSIS = YES;
				CLANG_WARN_STRICT_PROTOTYPES = YES;
				CLANG_WARN_SUSPICIOUS_MOVE = YES;
				CLANG_WARN_UNGUARDED_AVAILABILITY = YES_AGGRESSIVE;
				CLANG_WARN_UNREACHABLE_CODE = YES;
				CLANG_WARN__DUPLICATE_METHOD_MATCH = YES;
				COPY_PHASE_STRIP = NO;
				DEBUG_INFORMATION_FORMAT = "dwarf-with-dsym";
				ENABLE_NS_ASSERTIONS = NO;
				ENABLE_STRICT_OBJC_MSGSEND = YES;
				GCC_C_LANGUAGE_STANDARD = gnu11;
				GCC_NO_COMMON_BLOCKS = YES;
				GCC_WARN_64_TO_32_BIT_CONVERSION = YES;
				GCC_WARN_ABOUT_RETURN_TYPE = YES_ERROR;
				GCC_WARN_UNDECLARED_SELECTOR = YES;
				GCC_WARN_UNINITIALIZED_AUTOS = YES_AGGRESSIVE;
				GCC_WARN_UNUSED_FUNCTION = YES;
				GCC_WARN_UNUSED_VARIABLE = YES;
				IPHONEOS_DEPLOYMENT_TARGET = 16.2;
				MTL_ENABLE_DEBUG_INFO = NO;
				MTL_FAST_MATH = YES;
				SDKROOT = iphoneos;
				SWIFT_COMPILATION_MODE = wholemodule;
				SWIFT_OPTIMIZATION_LEVEL = "-O";
				VALIDATE_PRODUCT = YES;
			};
			name = Release;
		};
		521993A429B925420058F9BC /* Debug */ = {
			isa = XCBuildConfiguration;
			baseConfigurationReference = 521993AE29B92D320058F9BC /* UAT.xcconfig */;
			buildSettings = {
				ASSETCATALOG_COMPILER_APPICON_NAME = AppIcon;
				ASSETCATALOG_COMPILER_GLOBAL_ACCENT_COLOR_NAME = AccentColor;
				CODE_SIGN_STYLE = Automatic;
				CURRENT_PROJECT_VERSION = 1;
				DEVELOPMENT_ASSET_PATHS = "\"PostsApp/Preview Content\"";
				ENABLE_PREVIEWS = YES;
				GENERATE_INFOPLIST_FILE = YES;
				INFOPLIST_FILE = PostsApp/Info.plist;
				INFOPLIST_KEY_UIApplicationSceneManifest_Generation = YES;
				INFOPLIST_KEY_UIApplicationSupportsIndirectInputEvents = YES;
				INFOPLIST_KEY_UILaunchScreen_Generation = YES;
				INFOPLIST_KEY_UISupportedInterfaceOrientations_iPad = "UIInterfaceOrientationPortrait UIInterfaceOrientationPortraitUpsideDown UIInterfaceOrientationLandscapeLeft UIInterfaceOrientationLandscapeRight";
				INFOPLIST_KEY_UISupportedInterfaceOrientations_iPhone = "UIInterfaceOrientationPortrait UIInterfaceOrientationLandscapeLeft UIInterfaceOrientationLandscapeRight";
				LD_RUNPATH_SEARCH_PATHS = (
					"$(inherited)",
					"@executable_path/Frameworks",
				);
				MARKETING_VERSION = 1.0;
				PRODUCT_BUNDLE_IDENTIFIER = app.midhun.PostsApp;
				PRODUCT_NAME = "$(TARGET_NAME)";
				SWIFT_EMIT_LOC_STRINGS = YES;
				SWIFT_VERSION = 5.0;
				TARGETED_DEVICE_FAMILY = "1,2";
			};
			name = Debug;
		};
		521993A529B925420058F9BC /* Release */ = {
			isa = XCBuildConfiguration;
			baseConfigurationReference = 521993AF29B92D430058F9BC /* RELEASE.xcconfig */;
			buildSettings = {
				ASSETCATALOG_COMPILER_APPICON_NAME = AppIcon;
				ASSETCATALOG_COMPILER_GLOBAL_ACCENT_COLOR_NAME = AccentColor;
				CODE_SIGN_STYLE = Automatic;
				CURRENT_PROJECT_VERSION = 1;
				DEVELOPMENT_ASSET_PATHS = "\"PostsApp/Preview Content\"";
				ENABLE_PREVIEWS = YES;
				GENERATE_INFOPLIST_FILE = YES;
				INFOPLIST_FILE = PostsApp/Info.plist;
				INFOPLIST_KEY_UIApplicationSceneManifest_Generation = YES;
				INFOPLIST_KEY_UIApplicationSupportsIndirectInputEvents = YES;
				INFOPLIST_KEY_UILaunchScreen_Generation = YES;
				INFOPLIST_KEY_UISupportedInterfaceOrientations_iPad = "UIInterfaceOrientationPortrait UIInterfaceOrientationPortraitUpsideDown UIInterfaceOrientationLandscapeLeft UIInterfaceOrientationLandscapeRight";
				INFOPLIST_KEY_UISupportedInterfaceOrientations_iPhone = "UIInterfaceOrientationPortrait UIInterfaceOrientationLandscapeLeft UIInterfaceOrientationLandscapeRight";
				LD_RUNPATH_SEARCH_PATHS = (
					"$(inherited)",
					"@executable_path/Frameworks",
				);
				MARKETING_VERSION = 1.0;
				PRODUCT_BUNDLE_IDENTIFIER = app.midhun.PostsApp;
				PRODUCT_NAME = "$(TARGET_NAME)";
				SWIFT_EMIT_LOC_STRINGS = YES;
				SWIFT_VERSION = 5.0;
				TARGETED_DEVICE_FAMILY = "1,2";
			};
			name = Release;
		};
		521993A729B925420058F9BC /* Debug */ = {
			isa = XCBuildConfiguration;
			baseConfigurationReference = 521993AE29B92D320058F9BC /* UAT.xcconfig */;
			buildSettings = {
				ALWAYS_EMBED_SWIFT_STANDARD_LIBRARIES = YES;
				BUNDLE_LOADER = "$(TEST_HOST)";
				CODE_SIGN_STYLE = Automatic;
				CURRENT_PROJECT_VERSION = 1;
				GENERATE_INFOPLIST_FILE = YES;
				IPHONEOS_DEPLOYMENT_TARGET = 16.2;
				MARKETING_VERSION = 1.0;
				PRODUCT_BUNDLE_IDENTIFIER = app.midhun.PostsAppTests;
				PRODUCT_NAME = "$(TARGET_NAME)";
				SWIFT_EMIT_LOC_STRINGS = NO;
				SWIFT_VERSION = 5.0;
				TARGETED_DEVICE_FAMILY = "1,2";
				TEST_HOST = "$(BUILT_PRODUCTS_DIR)/PostsApp.app/$(BUNDLE_EXECUTABLE_FOLDER_PATH)/PostsApp";
			};
			name = Debug;
		};
		521993A829B925420058F9BC /* Release */ = {
			isa = XCBuildConfiguration;
			baseConfigurationReference = 521993AF29B92D430058F9BC /* RELEASE.xcconfig */;
			buildSettings = {
				ALWAYS_EMBED_SWIFT_STANDARD_LIBRARIES = YES;
				BUNDLE_LOADER = "$(TEST_HOST)";
				CODE_SIGN_STYLE = Automatic;
				CURRENT_PROJECT_VERSION = 1;
				GENERATE_INFOPLIST_FILE = YES;
				IPHONEOS_DEPLOYMENT_TARGET = 16.2;
				MARKETING_VERSION = 1.0;
				PRODUCT_BUNDLE_IDENTIFIER = app.midhun.PostsAppTests;
				PRODUCT_NAME = "$(TARGET_NAME)";
				SWIFT_EMIT_LOC_STRINGS = NO;
				SWIFT_VERSION = 5.0;
				TARGETED_DEVICE_FAMILY = "1,2";
				TEST_HOST = "$(BUILT_PRODUCTS_DIR)/PostsApp.app/$(BUNDLE_EXECUTABLE_FOLDER_PATH)/PostsApp";
			};
			name = Release;
		};
		521993AA29B925420058F9BC /* Debug */ = {
			isa = XCBuildConfiguration;
			baseConfigurationReference = 521993AE29B92D320058F9BC /* UAT.xcconfig */;
			buildSettings = {
				ALWAYS_EMBED_SWIFT_STANDARD_LIBRARIES = YES;
				CODE_SIGN_STYLE = Automatic;
				CURRENT_PROJECT_VERSION = 1;
				GENERATE_INFOPLIST_FILE = YES;
				MARKETING_VERSION = 1.0;
				PRODUCT_BUNDLE_IDENTIFIER = app.midhun.PostsAppUITests;
				PRODUCT_NAME = "$(TARGET_NAME)";
				SWIFT_EMIT_LOC_STRINGS = NO;
				SWIFT_VERSION = 5.0;
				TARGETED_DEVICE_FAMILY = "1,2";
				TEST_TARGET_NAME = PostsApp;
			};
			name = Debug;
		};
		521993AB29B925420058F9BC /* Release */ = {
			isa = XCBuildConfiguration;
			baseConfigurationReference = 521993AF29B92D430058F9BC /* RELEASE.xcconfig */;
			buildSettings = {
				ALWAYS_EMBED_SWIFT_STANDARD_LIBRARIES = YES;
				CODE_SIGN_STYLE = Automatic;
				CURRENT_PROJECT_VERSION = 1;
				GENERATE_INFOPLIST_FILE = YES;
				MARKETING_VERSION = 1.0;
				PRODUCT_BUNDLE_IDENTIFIER = app.midhun.PostsAppUITests;
				PRODUCT_NAME = "$(TARGET_NAME)";
				SWIFT_EMIT_LOC_STRINGS = NO;
				SWIFT_VERSION = 5.0;
				TARGETED_DEVICE_FAMILY = "1,2";
				TEST_TARGET_NAME = PostsApp;
			};
			name = Release;
		};
/* End XCBuildConfiguration section */

/* Begin XCConfigurationList section */
		5219937529B9253D0058F9BC /* Build configuration list for PBXProject "PostsApp" */ = {
			isa = XCConfigurationList;
			buildConfigurations = (
				521993A129B925420058F9BC /* Debug */,
				521993A229B925420058F9BC /* Release */,
			);
			defaultConfigurationIsVisible = 0;
			defaultConfigurationName = Release;
		};
		521993A329B925420058F9BC /* Build configuration list for PBXNativeTarget "PostsApp" */ = {
			isa = XCConfigurationList;
			buildConfigurations = (
				521993A429B925420058F9BC /* Debug */,
				521993A529B925420058F9BC /* Release */,
			);
			defaultConfigurationIsVisible = 0;
			defaultConfigurationName = Release;
		};
		521993A629B925420058F9BC /* Build configuration list for PBXNativeTarget "PostsAppTests" */ = {
			isa = XCConfigurationList;
			buildConfigurations = (
				521993A729B925420058F9BC /* Debug */,
				521993A829B925420058F9BC /* Release */,
			);
			defaultConfigurationIsVisible = 0;
			defaultConfigurationName = Release;
		};
		521993A929B925420058F9BC /* Build configuration list for PBXNativeTarget "PostsAppUITests" */ = {
			isa = XCConfigurationList;
			buildConfigurations = (
				521993AA29B925420058F9BC /* Debug */,
				521993AB29B925420058F9BC /* Release */,
			);
			defaultConfigurationIsVisible = 0;
			defaultConfigurationName = Release;
		};
/* End XCConfigurationList section */

/* Begin XCVersionGroup section */
		5219938829B925420058F9BC /* PostsApp.xcdatamodeld */ = {
			isa = XCVersionGroup;
			children = (
				5219938929B925420058F9BC /* PostsApp.xcdatamodel */,
			);
			currentVersion = 5219938929B925420058F9BC /* PostsApp.xcdatamodel */;
			path = PostsApp.xcdatamodeld;
			sourceTree = "<group>";
			versionGroupType = wrapper.xcdatamodel;
		};
/* End XCVersionGroup section */
	};
	rootObject = 5219937229B9253D0058F9BC /* Project object */;
}
